
Microsoft Visual Studio Solution File, Format Version 12.00
# Visual Studio 15
VisualStudioVersion = 15.0.27703.2042
MinimumVisualStudioVersion = 10.0.40219.1
Project("{FAE04EC0-301F-11D3-BF4B-00C04F79EFBC}") = "FluentFiles", "FluentFiles\FluentFiles.csproj", "{759567DF-661A-48A2-9DBF-7B4B054FA864}"
EndProject
Global
	GlobalSection(SolutionConfigurationPlatforms) = preSolution
		Debug|ARM = Debug|ARM
		Debug|x64 = Debug|x64
		Debug|x86 = Debug|x86
		Release|ARM = Release|ARM
		Release|x64 = Release|x64
		Release|x86 = Release|x86
	EndGlobalSection
	GlobalSection(ProjectConfigurationPlatforms) = postSolution
		{759567DF-661A-48A2-9DBF-7B4B054FA864}.Debug|ARM.ActiveCfg = Debug|ARM
		{759567DF-661A-48A2-9DBF-7B4B054FA864}.Debug|ARM.Build.0 = Debug|ARM
		{759567DF-661A-48A2-9DBF-7B4B054FA864}.Debug|ARM.Deploy.0 = Debug|ARM
		{759567DF-661A-48A2-9DBF-7B4B054FA864}.Debug|x64.ActiveCfg = Debug|x64
		{759567DF-661A-48A2-9DBF-7B4B054FA864}.Debug|x64.Build.0 = Debug|x64
		{759567DF-661A-48A2-9DBF-7B4B054FA864}.Debug|x64.Deploy.0 = Debug|x64
		{759567DF-661A-48A2-9DBF-7B4B054FA864}.Debug|x86.ActiveCfg = Debug|x86
		{759567DF-661A-48A2-9DBF-7B4B054FA864}.Debug|x86.Build.0 = Debug|x86
		{759567DF-661A-48A2-9DBF-7B4B054FA864}.Debug|x86.Deploy.0 = Debug|x86
		{759567DF-661A-48A2-9DBF-7B4B054FA864}.Release|ARM.ActiveCfg = Release|ARM
		{759567DF-661A-48A2-9DBF-7B4B054FA864}.Release|ARM.Build.0 = Release|ARM
		{759567DF-661A-48A2-9DBF-7B4B054FA864}.Release|ARM.Deploy.0 = Release|ARM
		{759567DF-661A-48A2-9DBF-7B4B054FA864}.Release|x64.ActiveCfg = Release|x64
		{759567DF-661A-48A2-9DBF-7B4B054FA864}.Release|x64.Build.0 = Release|x64
		{759567DF-661A-48A2-9DBF-7B4B054FA864}.Release|x64.Deploy.0 = Release|x64
		{759567DF-661A-48A2-9DBF-7B4B054FA864}.Release|x86.ActiveCfg = Release|x86
		{759567DF-661A-48A2-9DBF-7B4B054FA864}.Release|x86.Build.0 = Release|x86
		{759567DF-661A-48A2-9DBF-7B4B054FA864}.Release|x86.Deploy.0 = Release|x86
	EndGlobalSection
	GlobalSection(SolutionProperties) = preSolution
		HideSolutionNode = FALSE
	EndGlobalSection
	GlobalSection(ExtensibilityGlobals) = postSolution
		SolutionGuid = {ED4A2CC7-B3E8-4451-893B-5E8ED496C5F7}
	EndGlobalSection
EndGlobal
